
Microsoft Visual Studio Solution File, Format Version 12.00
# Visual Studio Version 16
VisualStudioVersion = 16.0.29613.14
MinimumVisualStudioVersion = 10.0.40219.1
Project("{2150E333-8FDC-42A3-9474-1A3956D46DE8}") = "1 - SRP", "1 - SRP", "{10136F53-10AE-4100-80D7-D67A76FFFA2C}"
EndProject
Project("{9A19103F-16F7-4668-BE54-9A1E7A4F7556}") = "Srp", "Srp\Srp.csproj", "{B1637144-5EB3-4EA6-B917-B3448CC649EB}"
EndProject
Project("{2150E333-8FDC-42A3-9474-1A3956D46DE8}") = "2 - OCP", "2 - OCP", "{872D595E-5AC6-4699-BCF6-F8C6E66C599D}"
EndProject
Project("{FAE04EC0-301F-11D3-BF4B-00C04F79EFBC}") = "Ocp", "Ocp\Ocp.csproj", "{7D90C381-639B-4143-B4AB-A6B17AAADAC1}"
EndProject
Project("{FAE04EC0-301F-11D3-BF4B-00C04F79EFBC}") = "OcpOtherExample", "OcpOtherExample\OcpOtherExample.csproj", "{87DAFEBD-0D9E-47BB-9903-626829B3578F}"
EndProject
Project("{2150E333-8FDC-42A3-9474-1A3956D46DE8}") = "3 - LCP", "3 - LCP", "{B795B448-7B94-4984-8052-DACD65006098}"
EndProject
Project("{FAE04EC0-301F-11D3-BF4B-00C04F79EFBC}") = "Lsp", "Lsp\Lsp.csproj", "{722C3DF7-30F8-4059-BEBB-75814102B8EC}"
EndProject
Project("{2150E333-8FDC-42A3-9474-1A3956D46DE8}") = "4 - ISP", "4 - ISP", "{23EAAADF-2180-4BA4-AC1A-F5B95047FB66}"
EndProject
Project("{FAE04EC0-301F-11D3-BF4B-00C04F79EFBC}") = "Isp", "Isp\Isp.csproj", "{8CC6CE1E-A2B4-439B-B9FB-BEC6E6FB74C5}"
EndProject
Project("{2150E333-8FDC-42A3-9474-1A3956D46DE8}") = "5 - DIP", "5 - DIP", "{F583DA60-FE95-4BFE-A6D5-9554BB53E5EC}"
EndProject
Project("{FAE04EC0-301F-11D3-BF4B-00C04F79EFBC}") = "Dip", "Dip\Dip.csproj", "{450F105B-3A9F-484D-A513-6DB31C23C14C}"
EndProject
Global
	GlobalSection(SolutionConfigurationPlatforms) = preSolution
		Debug|Any CPU = Debug|Any CPU
		Release|Any CPU = Release|Any CPU
	EndGlobalSection
	GlobalSection(ProjectConfigurationPlatforms) = postSolution
		{B1637144-5EB3-4EA6-B917-B3448CC649EB}.Debug|Any CPU.ActiveCfg = Debug|Any CPU
		{B1637144-5EB3-4EA6-B917-B3448CC649EB}.Debug|Any CPU.Build.0 = Debug|Any CPU
		{B1637144-5EB3-4EA6-B917-B3448CC649EB}.Release|Any CPU.ActiveCfg = Release|Any CPU
		{B1637144-5EB3-4EA6-B917-B3448CC649EB}.Release|Any CPU.Build.0 = Release|Any CPU
		{7D90C381-639B-4143-B4AB-A6B17AAADAC1}.Debug|Any CPU.ActiveCfg = Debug|Any CPU
		{7D90C381-639B-4143-B4AB-A6B17AAADAC1}.Debug|Any CPU.Build.0 = Debug|Any CPU
		{7D90C381-639B-4143-B4AB-A6B17AAADAC1}.Release|Any CPU.ActiveCfg = Release|Any CPU
		{7D90C381-639B-4143-B4AB-A6B17AAADAC1}.Release|Any CPU.Build.0 = Release|Any CPU
		{87DAFEBD-0D9E-47BB-9903-626829B3578F}.Debug|Any CPU.ActiveCfg = Debug|Any CPU
		{87DAFEBD-0D9E-47BB-9903-626829B3578F}.Debug|Any CPU.Build.0 = Debug|Any CPU
		{87DAFEBD-0D9E-47BB-9903-626829B3578F}.Release|Any CPU.ActiveCfg = Release|Any CPU
		{87DAFEBD-0D9E-47BB-9903-626829B3578F}.Release|Any CPU.Build.0 = Release|Any CPU
		{722C3DF7-30F8-4059-BEBB-75814102B8EC}.Debug|Any CPU.ActiveCfg = Debug|Any CPU
		{722C3DF7-30F8-4059-BEBB-75814102B8EC}.Debug|Any CPU.Build.0 = Debug|Any CPU
		{722C3DF7-30F8-4059-BEBB-75814102B8EC}.Release|Any CPU.ActiveCfg = Release|Any CPU
		{722C3DF7-30F8-4059-BEBB-75814102B8EC}.Release|Any CPU.Build.0 = Release|Any CPU
		{8CC6CE1E-A2B4-439B-B9FB-BEC6E6FB74C5}.Debug|Any CPU.ActiveCfg = Debug|Any CPU
		{8CC6CE1E-A2B4-439B-B9FB-BEC6E6FB74C5}.Debug|Any CPU.Build.0 = Debug|Any CPU
		{8CC6CE1E-A2B4-439B-B9FB-BEC6E6FB74C5}.Release|Any CPU.ActiveCfg = Release|Any CPU
		{8CC6CE1E-A2B4-439B-B9FB-BEC6E6FB74C5}.Release|Any CPU.Build.0 = Release|Any CPU
		{450F105B-3A9F-484D-A513-6DB31C23C14C}.Debug|Any CPU.ActiveCfg = Debug|Any CPU
		{450F105B-3A9F-484D-A513-6DB31C23C14C}.Debug|Any CPU.Build.0 = Debug|Any CPU
		{450F105B-3A9F-484D-A513-6DB31C23C14C}.Release|Any CPU.ActiveCfg = Release|Any CPU
		{450F105B-3A9F-484D-A513-6DB31C23C14C}.Release|Any CPU.Build.0 = Release|Any CPU
	EndGlobalSection
	GlobalSection(SolutionProperties) = preSolution
		HideSolutionNode = FALSE
	EndGlobalSection
	GlobalSection(NestedProjects) = preSolution
		{B1637144-5EB3-4EA6-B917-B3448CC649EB} = {10136F53-10AE-4100-80D7-D67A76FFFA2C}
		{7D90C381-639B-4143-B4AB-A6B17AAADAC1} = {872D595E-5AC6-4699-BCF6-F8C6E66C599D}
		{87DAFEBD-0D9E-47BB-9903-626829B3578F} = {872D595E-5AC6-4699-BCF6-F8C6E66C599D}
		{722C3DF7-30F8-4059-BEBB-75814102B8EC} = {B795B448-7B94-4984-8052-DACD65006098}
		{8CC6CE1E-A2B4-439B-B9FB-BEC6E6FB74C5} = {23EAAADF-2180-4BA4-AC1A-F5B95047FB66}
		{450F105B-3A9F-484D-A513-6DB31C23C14C} = {F583DA60-FE95-4BFE-A6D5-9554BB53E5EC}
	EndGlobalSection
	GlobalSection(ExtensibilityGlobals) = postSolution
		SolutionGuid = {7B3E6D33-11CD-49CB-AE95-7D699A4F7FDF}
	EndGlobalSection
EndGlobal
